// !$*UTF8*$!
{
	archiveVersion = 1;
	classes = {
	};
	objectVersion = 55;
	objects = {

/* Begin PBXBuildFile section */
		43D0D89927A0DD1200F969A7 /* TabBarSwiftUIApp.swift in Sources */ = {isa = PBXBuildFile; fileRef = 43D0D89827A0DD1200F969A7 /* TabBarSwiftUIApp.swift */; };
		43D0D89B27A0DD1200F969A7 /* ContentView.swift in Sources */ = {isa = PBXBuildFile; fileRef = 43D0D89A27A0DD1200F969A7 /* ContentView.swift */; };
		43D0D89D27A0DD1300F969A7 /* Assets.xcassets in Resources */ = {isa = PBXBuildFile; fileRef = 43D0D89C27A0DD1300F969A7 /* Assets.xcassets */; };
		43D0D8A027A0DD1300F969A7 /* Preview Assets.xcassets in Resources */ = {isa = PBXBuildFile; fileRef = 43D0D89F27A0DD1300F969A7 /* Preview Assets.xcassets */; };
		43D0D8AA27A0DD1300F969A7 /* TabBarSwiftUITests.swift in Sources */ = {isa = PBXBuildFile; fileRef = 43D0D8A927A0DD1300F969A7 /* TabBarSwiftUITests.swift */; };
		43D0D8B427A0DD1300F969A7 /* TabBarSwiftUIUITests.swift in Sources */ = {isa = PBXBuildFile; fileRef = 43D0D8B327A0DD1300F969A7 /* TabBarSwiftUIUITests.swift */; };
		43D0D8B627A0DD1300F969A7 /* TabBarSwiftUIUITestsLaunchTests.swift in Sources */ = {isa = PBXBuildFile; fileRef = 43D0D8B527A0DD1300F969A7 /* TabBarSwiftUIUITestsLaunchTests.swift */; };
		43D0D8C327A0E5B900F969A7 /* HomeView.swift in Sources */ = {isa = PBXBuildFile; fileRef = 43D0D8C227A0E5B900F969A7 /* HomeView.swift */; };
		43D0D8C527A0E5EA00F969A7 /* PersonalView.swift in Sources */ = {isa = PBXBuildFile; fileRef = 43D0D8C427A0E5EA00F969A7 /* PersonalView.swift */; };
/* End PBXBuildFile section */

/* Begin PBXContainerItemProxy section */
		43D0D8A627A0DD1300F969A7 /* PBXContainerItemProxy */ = {
			isa = PBXContainerItemProxy;
			containerPortal = 43D0D88D27A0DD1200F969A7 /* Project object */;
			proxyType = 1;
			remoteGlobalIDString = 43D0D89427A0DD1200F969A7;
			remoteInfo = TabBarSwiftUI;
		};
		43D0D8B027A0DD1300F969A7 /* PBXContainerItemProxy */ = {
			isa = PBXContainerItemProxy;
			containerPortal = 43D0D88D27A0DD1200F969A7 /* Project object */;
			proxyType = 1;
			remoteGlobalIDString = 43D0D89427A0DD1200F969A7;
			remoteInfo = TabBarSwiftUI;
		};
/* End PBXContainerItemProxy section */

/* Begin PBXFileReference section */
		43D0D89527A0DD1200F969A7 /* TabBarSwiftUI.app */ = {isa = PBXFileReference; explicitFileType = wrapper.application; includeInIndex = 0; path = TabBarSwiftUI.app; sourceTree = BUILT_PRODUCTS_DIR; };
		43D0D89827A0DD1200F969A7 /* TabBarSwiftUIApp.swift */ = {isa = PBXFileReference; lastKnownFileType = sourcecode.swift; path = TabBarSwiftUIApp.swift; sourceTree = "<group>"; };
		43D0D89A27A0DD1200F969A7 /* ContentView.swift */ = {isa = PBXFileReference; lastKnownFileType = sourcecode.swift; path = ContentView.swift; sourceTree = "<group>"; };
		43D0D89C27A0DD1300F969A7 /* Assets.xcassets */ = {isa = PBXFileReference; lastKnownFileType = folder.assetcatalog; path = Assets.xcassets; sourceTree = "<group>"; };
		43D0D89F27A0DD1300F969A7 /* Preview Assets.xcassets */ = {isa = PBXFileReference; lastKnownFileType = folder.assetcatalog; path = "Preview Assets.xcassets"; sourceTree = "<group>"; };
		43D0D8A527A0DD1300F969A7 /* TabBarSwiftUITests.xctest */ = {isa = PBXFileReference; explicitFileType = wrapper.cfbundle; includeInIndex = 0; path = TabBarSwiftUITests.xctest; sourceTree = BUILT_PRODUCTS_DIR; };
		43D0D8A927A0DD1300F969A7 /* TabBarSwiftUITests.swift */ = {isa = PBXFileReference; lastKnownFileType = sourcecode.swift; path = TabBarSwiftUITests.swift; sourceTree = "<group>"; };
		43D0D8AF27A0DD1300F969A7 /* TabBarSwiftUIUITests.xctest */ = {isa = PBXFileReference; explicitFileType = wrapper.cfbundle; includeInIndex = 0; path = TabBarSwiftUIUITests.xctest; sourceTree = BUILT_PRODUCTS_DIR; };
		43D0D8B327A0DD1300F969A7 /* TabBarSwiftUIUITests.swift */ = {isa = PBXFileReference; lastKnownFileType = sourcecode.swift; path = TabBarSwiftUIUITests.swift; sourceTree = "<group>"; };
		43D0D8B527A0DD1300F969A7 /* TabBarSwiftUIUITestsLaunchTests.swift */ = {isa = PBXFileReference; lastKnownFileType = sourcecode.swift; path = TabBarSwiftUIUITestsLaunchTests.swift; sourceTree = "<group>"; };
		43D0D8C227A0E5B900F969A7 /* HomeView.swift */ = {isa = PBXFileReference; lastKnownFileType = sourcecode.swift; path = HomeView.swift; sourceTree = "<group>"; };
		43D0D8C427A0E5EA00F969A7 /* PersonalView.swift */ = {isa = PBXFileReference; lastKnownFileType = sourcecode.swift; path = PersonalView.swift; sourceTree = "<group>"; };
/* End PBXFileReference section */

/* Begin PBXFrameworksBuildPhase section */
		43D0D89227A0DD1200F969A7 /* Frameworks */ = {
			isa = PBXFrameworksBuildPhase;
			buildActionMask = 2147483647;
			files = (
			);
			runOnlyForDeploymentPostprocessing = 0;
		};
		43D0D8A227A0DD1300F969A7 /* Frameworks */ = {
			isa = PBXFrameworksBuildPhase;
			buildActionMask = 2147483647;
			files = (
			);
			runOnlyForDeploymentPostprocessing = 0;
		};
		43D0D8AC27A0DD1300F969A7 /* Frameworks */ = {
			isa = PBXFrameworksBuildPhase;
			buildActionMask = 2147483647;
			files = (
			);
			runOnlyForDeploymentPostprocessing = 0;
		};
/* End PBXFrameworksBuildPhase section */

/* Begin PBXGroup section */
		43D0D88C27A0DD1200F969A7 = {
			isa = PBXGroup;
			children = (
				43D0D89727A0DD1200F969A7 /* TabBarSwiftUI */,
				43D0D8A827A0DD1300F969A7 /* TabBarSwiftUITests */,
				43D0D8B227A0DD1300F969A7 /* TabBarSwiftUIUITests */,
				43D0D89627A0DD1200F969A7 /* Products */,
			);
			sourceTree = "<group>";
		};
		43D0D89627A0DD1200F969A7 /* Products */ = {
			isa = PBXGroup;
			children = (
				43D0D89527A0DD1200F969A7 /* TabBarSwiftUI.app */,
				43D0D8A527A0DD1300F969A7 /* TabBarSwiftUITests.xctest */,
				43D0D8AF27A0DD1300F969A7 /* TabBarSwiftUIUITests.xctest */,
			);
			name = Products;
			sourceTree = "<group>";
		};
		43D0D89727A0DD1200F969A7 /* TabBarSwiftUI */ = {
			isa = PBXGroup;
			children = (
				43D0D89827A0DD1200F969A7 /* TabBarSwiftUIApp.swift */,
				43D0D89A27A0DD1200F969A7 /* ContentView.swift */,
				43D0D89C27A0DD1300F969A7 /* Assets.xcassets */,
				43D0D89E27A0DD1300F969A7 /* Preview Content */,
				43D0D8C227A0E5B900F969A7 /* HomeView.swift */,
				43D0D8C427A0E5EA00F969A7 /* PersonalView.swift */,
			);
			path = TabBarSwiftUI;
			sourceTree = "<group>";
		};
		43D0D89E27A0DD1300F969A7 /* Preview Content */ = {
			isa = PBXGroup;
			children = (
				43D0D89F27A0DD1300F969A7 /* Preview Assets.xcassets */,
			);
			path = "Preview Content";
			sourceTree = "<group>";
		};
		43D0D8A827A0DD1300F969A7 /* TabBarSwiftUITests */ = {
			isa = PBXGroup;
			children = (
				43D0D8A927A0DD1300F969A7 /* TabBarSwiftUITests.swift */,
			);
			path = TabBarSwiftUITests;
			sourceTree = "<group>";
		};
		43D0D8B227A0DD1300F969A7 /* TabBarSwiftUIUITests */ = {
			isa = PBXGroup;
			children = (
				43D0D8B327A0DD1300F969A7 /* TabBarSwiftUIUITests.swift */,
				43D0D8B527A0DD1300F969A7 /* TabBarSwiftUIUITestsLaunchTests.swift */,
			);
			path = TabBarSwiftUIUITests;
			sourceTree = "<group>";
		};
/* End PBXGroup section */

/* Begin PBXNativeTarget section */
		43D0D89427A0DD1200F969A7 /* TabBarSwiftUI */ = {
			isa = PBXNativeTarget;
			buildConfigurationList = 43D0D8B927A0DD1300F969A7 /* Build configuration list for PBXNativeTarget "TabBarSwiftUI" */;
			buildPhases = (
				43D0D89127A0DD1200F969A7 /* Sources */,
				43D0D89227A0DD1200F969A7 /* Frameworks */,
				43D0D89327A0DD1200F969A7 /* Resources */,
			);
			buildRules = (
			);
			dependencies = (
			);
			name = TabBarSwiftUI;
			productName = TabBarSwiftUI;
			productReference = 43D0D89527A0DD1200F969A7 /* TabBarSwiftUI.app */;
			productType = "com.apple.product-type.application";
		};
		43D0D8A427A0DD1300F969A7 /* TabBarSwiftUITests */ = {
			isa = PBXNativeTarget;
			buildConfigurationList = 43D0D8BC27A0DD1300F969A7 /* Build configuration list for PBXNativeTarget "TabBarSwiftUITests" */;
			buildPhases = (
				43D0D8A127A0DD1300F969A7 /* Sources */,
				43D0D8A227A0DD1300F969A7 /* Frameworks */,
				43D0D8A327A0DD1300F969A7 /* Resources */,
			);
			buildRules = (
			);
			dependencies = (
				43D0D8A727A0DD1300F969A7 /* PBXTargetDependency */,
			);
			name = TabBarSwiftUITests;
			productName = TabBarSwiftUITests;
			productReference = 43D0D8A527A0DD1300F969A7 /* TabBarSwiftUITests.xctest */;
			productType = "com.apple.product-type.bundle.unit-test";
		};
		43D0D8AE27A0DD1300F969A7 /* TabBarSwiftUIUITests */ = {
			isa = PBXNativeTarget;
			buildConfigurationList = 43D0D8BF27A0DD1300F969A7 /* Build configuration list for PBXNativeTarget "TabBarSwiftUIUITests" */;
			buildPhases = (
				43D0D8AB27A0DD1300F969A7 /* Sources */,
				43D0D8AC27A0DD1300F969A7 /* Frameworks */,
				43D0D8AD27A0DD1300F969A7 /* Resources */,
			);
			buildRules = (
			);
			dependencies = (
				43D0D8B127A0DD1300F969A7 /* PBXTargetDependency */,
			);
			name = TabBarSwiftUIUITests;
			productName = TabBarSwiftUIUITests;
			productReference = 43D0D8AF27A0DD1300F969A7 /* TabBarSwiftUIUITests.xctest */;
			productType = "com.apple.product-type.bundle.ui-testing";
		};
/* End PBXNativeTarget section */

/* Begin PBXProject section */
		43D0D88D27A0DD1200F969A7 /* Project object */ = {
			isa = PBXProject;
			attributes = {
				BuildIndependentTargetsInParallel = 1;
				LastSwiftUpdateCheck = 1320;
				LastUpgradeCheck = 1320;
				TargetAttributes = {
					43D0D89427A0DD1200F969A7 = {
						CreatedOnToolsVersion = 13.2.1;
					};
					43D0D8A427A0DD1300F969A7 = {
						CreatedOnToolsVersion = 13.2.1;
						TestTargetID = 43D0D89427A0DD1200F969A7;
					};
					43D0D8AE27A0DD1300F969A7 = {
						CreatedOnToolsVersion = 13.2.1;
						TestTargetID = 43D0D89427A0DD1200F969A7;
					};
				};
			};
			buildConfigurationList = 43D0D89027A0DD1200F969A7 /* Build configuration list for PBXProject "TabBarSwiftUI" */;
			compatibilityVersion = "Xcode 13.0";
			developmentRegion = en;
			hasScannedForEncodings = 0;
			knownRegions = (
				en,
				Base,
			);
			mainGroup = 43D0D88C27A0DD1200F969A7;
			productRefGroup = 43D0D89627A0DD1200F969A7 /* Products */;
			projectDirPath = "";
			projectRoot = "";
			targets = (
				43D0D89427A0DD1200F969A7 /* TabBarSwiftUI */,
				43D0D8A427A0DD1300F969A7 /* TabBarSwiftUITests */,
				43D0D8AE27A0DD1300F969A7 /* TabBarSwiftUIUITests */,
			);
		};
/* End PBXProject section */

/* Begin PBXResourcesBuildPhase section */
		43D0D89327A0DD1200F969A7 /* Resources */ = {
			isa = PBXResourcesBuildPhase;
			buildActionMask = 2147483647;
			files = (
				43D0D8A027A0DD1300F969A7 /* Preview Assets.xcassets in Resources */,
				43D0D89D27A0DD1300F969A7 /* Assets.xcassets in Resources */,
			);
			runOnlyForDeploymentPostprocessing = 0;
		};
		43D0D8A327A0DD1300F969A7 /* Resources */ = {
			isa = PBXResourcesBuildPhase;
			buildActionMask = 2147483647;
			files = (
			);
			runOnlyForDeploymentPostprocessing = 0;
		};
		43D0D8AD27A0DD1300F969A7 /* Resources */ = {
			isa = PBXResourcesBuildPhase;
			buildActionMask = 2147483647;
			files = (
			);
			runOnlyForDeploymentPostprocessing = 0;
		};
/* End PBXResourcesBuildPhase section */

/* Begin PBXSourcesBuildPhase section */
		43D0D89127A0DD1200F969A7 /* Sources */ = {
			isa = PBXSourcesBuildPhase;
			buildActionMask = 2147483647;
			files = (
				43D0D8C527A0E5EA00F969A7 /* PersonalView.swift in Sources */,
				43D0D8C327A0E5B900F969A7 /* HomeView.swift in Sources */,
				43D0D89B27A0DD1200F969A7 /* ContentView.swift in Sources */,
				43D0D89927A0DD1200F969A7 /* TabBarSwiftUIApp.swift in Sources */,
			);
			runOnlyForDeploymentPostprocessing = 0;
		};
		43D0D8A127A0DD1300F969A7 /* Sources */ = {
			isa = PBXSourcesBuildPhase;
			buildActionMask = 2147483647;
			files = (
				43D0D8AA27A0DD1300F969A7 /* TabBarSwiftUITests.swift in Sources */,
			);
			runOnlyForDeploymentPostprocessing = 0;
		};
		43D0D8AB27A0DD1300F969A7 /* Sources */ = {
			isa = PBXSourcesBuildPhase;
			buildActionMask = 2147483647;
			files = (
				43D0D8B627A0DD1300F969A7 /* TabBarSwiftUIUITestsLaunchTests.swift in Sources */,
				43D0D8B427A0DD1300F969A7 /* TabBarSwiftUIUITests.swift in Sources */,
			);
			runOnlyForDeploymentPostprocessing = 0;
		};
/* End PBXSourcesBuildPhase section */

/* Begin PBXTargetDependency section */
		43D0D8A727A0DD1300F969A7 /* PBXTargetDependency */ = {
			isa = PBXTargetDependency;
			target = 43D0D89427A0DD1200F969A7 /* TabBarSwiftUI */;
			targetProxy = 43D0D8A627A0DD1300F969A7 /* PBXContainerItemProxy */;
		};
		43D0D8B127A0DD1300F969A7 /* PBXTargetDependency */ = {
			isa = PBXTargetDependency;
			target = 43D0D89427A0DD1200F969A7 /* TabBarSwiftUI */;
			targetProxy = 43D0D8B027A0DD1300F969A7 /* PBXContainerItemProxy */;
		};
/* End PBXTargetDependency section */

/* Begin XCBuildConfiguration section */
		43D0D8B727A0DD1300F969A7 /* Debug */ = {
			isa = XCBuildConfiguration;
			buildSettings = {
				ALWAYS_SEARCH_USER_PATHS = NO;
				CLANG_ANALYZER_NONNULL = YES;
				CLANG_ANALYZER_NUMBER_OBJECT_CONVERSION = YES_AGGRESSIVE;
				CLANG_CXX_LANGUAGE_STANDARD = "gnu++17";
				CLANG_CXX_LIBRARY = "libc++";
				CLANG_ENABLE_MODULES = YES;
				CLANG_ENABLE_OBJC_ARC = YES;
				CLANG_ENABLE_OBJC_WEAK = YES;
				CLANG_WARN_BLOCK_CAPTURE_AUTORELEASING = YES;
				CLANG_WARN_BOOL_CONVERSION = YES;
				CLANG_WARN_COMMA = YES;
				CLANG_WARN_CONSTANT_CONVERSION = YES;
				CLANG_WARN_DEPRECATED_OBJC_IMPLEMENTATIONS = YES;
				CLANG_WARN_DIRECT_OBJC_ISA_USAGE = YES_ERROR;
				CLANG_WARN_DOCUMENTATION_COMMENTS = YES;
				CLANG_WARN_EMPTY_BODY = YES;
				CLANG_WARN_ENUM_CONVERSION = YES;
				CLANG_WARN_INFINITE_RECURSION = YES;
				CLANG_WARN_INT_CONVERSION = YES;
				CLANG_WARN_NON_LITERAL_NULL_CONVERSION = YES;
				CLANG_WARN_OBJC_IMPLICIT_RETAIN_SELF = YES;
				CLANG_WARN_OBJC_LITERAL_CONVERSION = YES;
				CLANG_WARN_OBJC_ROOT_CLASS = YES_ERROR;
				CLANG_WARN_QUOTED_INCLUDE_IN_FRAMEWORK_HEADER = YES;
				CLANG_WARN_RANGE_LOOP_ANALYSIS = YES;
				CLANG_WARN_STRICT_PROTOTYPES = YES;
				CLANG_WARN_SUSPICIOUS_MOVE = YES;
				CLANG_WARN_UNGUARDED_AVAILABILITY = YES_AGGRESSIVE;
				CLANG_WARN_UNREACHABLE_CODE = YES;
				CLANG_WARN__DUPLICATE_METHOD_MATCH = YES;
				COPY_PHASE_STRIP = NO;
				DEBUG_INFORMATION_FORMAT = dwarf;
				ENABLE_STRICT_OBJC_MSGSEND = YES;
				ENABLE_TESTABILITY = YES;
				GCC_C_LANGUAGE_STANDARD = gnu11;
				GCC_DYNAMIC_NO_PIC = NO;
				GCC_NO_COMMON_BLOCKS = YES;
				GCC_OPTIMIZATION_LEVEL = 0;
				GCC_PREPROCESSOR_DEFINITIONS = (
					"DEBUG=1",
					"$(inherited)",
				);
				GCC_WARN_64_TO_32_BIT_CONVERSION = YES;
				GCC_WARN_ABOUT_RETURN_TYPE = YES_ERROR;
				GCC_WARN_UNDECLARED_SELECTOR = YES;
				GCC_WARN_UNINITIALIZED_AUTOS = YES_AGGRESSIVE;
				GCC_WARN_UNUSED_FUNCTION = YES;
				GCC_WARN_UNUSED_VARIABLE = YES;
				IPHONEOS_DEPLOYMENT_TARGET = 15.2;
				MTL_ENABLE_DEBUG_INFO = INCLUDE_SOURCE;
				MTL_FAST_MATH = YES;
				ONLY_ACTIVE_ARCH = YES;
				SDKROOT = iphoneos;
				SWIFT_ACTIVE_COMPILATION_CONDITIONS = DEBUG;
				SWIFT_OPTIMIZATION_LEVEL = "-Onone";
			};
			name = Debug;
		};
		43D0D8B827A0DD1300F969A7 /* Release */ = {
			isa = XCBuildConfiguration;
			buildSettings = {
				ALWAYS_SEARCH_USER_PATHS = NO;
				CLANG_ANALYZER_NONNULL = YES;
				CLANG_ANALYZER_NUMBER_OBJECT_CONVERSION = YES_AGGRESSIVE;
				CLANG_CXX_LANGUAGE_STANDARD = "gnu++17";
				CLANG_CXX_LIBRARY = "libc++";
				CLANG_ENABLE_MODULES = YES;
				CLANG_ENABLE_OBJC_ARC = YES;
				CLANG_ENABLE_OBJC_WEAK = YES;
				CLANG_WARN_BLOCK_CAPTURE_AUTORELEASING = YES;
				CLANG_WARN_BOOL_CONVERSION = YES;
				CLANG_WARN_COMMA = YES;
				CLANG_WARN_CONSTANT_CONVERSION = YES;
				CLANG_WARN_DEPRECATED_OBJC_IMPLEMENTATIONS = YES;
				CLANG_WARN_DIRECT_OBJC_ISA_USAGE = YES_ERROR;
				CLANG_WARN_DOCUMENTATION_COMMENTS = YES;
				CLANG_WARN_EMPTY_BODY = YES;
				CLANG_WARN_ENUM_CONVERSION = YES;
				CLANG_WARN_INFINITE_RECURSION = YES;
				CLANG_WARN_INT_CONVERSION = YES;
				CLANG_WARN_NON_LITERAL_NULL_CONVERSION = YES;
				CLANG_WARN_OBJC_IMPLICIT_RETAIN_SELF = YES;
				CLANG_WARN_OBJC_LITERAL_CONVERSION = YES;
				CLANG_WARN_OBJC_ROOT_CLASS = YES_ERROR;
				CLANG_WARN_QUOTED_INCLUDE_IN_FRAMEWORK_HEADER = YES;
				CLANG_WARN_RANGE_LOOP_ANALYSIS = YES;
				CLANG_WARN_STRICT_PROTOTYPES = YES;
				CLANG_WARN_SUSPICIOUS_MOVE = YES;
				CLANG_WARN_UNGUARDED_AVAILABILITY = YES_AGGRESSIVE;
				CLANG_WARN_UNREACHABLE_CODE = YES;
				CLANG_WARN__DUPLICATE_METHOD_MATCH = YES;
				COPY_PHASE_STRIP = NO;
				DEBUG_INFORMATION_FORMAT = "dwarf-with-dsym";
				ENABLE_NS_ASSERTIONS = NO;
				ENABLE_STRICT_OBJC_MSGSEND = YES;
				GCC_C_LANGUAGE_STANDARD = gnu11;
				GCC_NO_COMMON_BLOCKS = YES;
				GCC_WARN_64_TO_32_BIT_CONVERSION = YES;
				GCC_WARN_ABOUT_RETURN_TYPE = YES_ERROR;
				GCC_WARN_UNDECLARED_SELECTOR = YES;
				GCC_WARN_UNINITIALIZED_AUTOS = YES_AGGRESSIVE;
				GCC_WARN_UNUSED_FUNCTION = YES;
				GCC_WARN_UNUSED_VARIABLE = YES;
				IPHONEOS_DEPLOYMENT_TARGET = 15.2;
				MTL_ENABLE_DEBUG_INFO = NO;
				MTL_FAST_MATH = YES;
				SDKROOT = iphoneos;
				SWIFT_COMPILATION_MODE = wholemodule;
				SWIFT_OPTIMIZATION_LEVEL = "-O";
				VALIDATE_PRODUCT = YES;
			};
			name = Release;
		};
		43D0D8BA27A0DD1300F969A7 /* Debug */ = {
			isa = XCBuildConfiguration;
			buildSettings = {
				ASSETCATALOG_COMPILER_APPICON_NAME = AppIcon;
				ASSETCATALOG_COMPILER_GLOBAL_ACCENT_COLOR_NAME = AccentColor;
				CODE_SIGN_STYLE = Automatic;
				CURRENT_PROJECT_VERSION = 1;
				DEVELOPMENT_ASSET_PATHS = "\"TabBarSwiftUI/Preview Content\"";
				DEVELOPMENT_TEAM = VKN5LNK84F;
				ENABLE_PREVIEWS = YES;
				GENERATE_INFOPLIST_FILE = YES;
				INFOPLIST_KEY_UIApplicationSceneManifest_Generation = YES;
				INFOPLIST_KEY_UIApplicationSupportsIndirectInputEvents = YES;
				INFOPLIST_KEY_UILaunchScreen_Generation = YES;
				INFOPLIST_KEY_UISupportedInterfaceOrientations_iPad = "UIInterfaceOrientationPortrait UIInterfaceOrientationPortraitUpsideDown UIInterfaceOrientationLandscapeLeft UIInterfaceOrientationLandscapeRight";
				INFOPLIST_KEY_UISupportedInterfaceOrientations_iPhone = "UIInterfaceOrientationPortrait UIInterfaceOrientationLandscapeLeft UIInterfaceOrientationLandscapeRight";
				LD_RUNPATH_SEARCH_PATHS = (
					"$(inherited)",
					"@executable_path/Frameworks",
				);
				MARKETING_VERSION = 1.0;
				PRODUCT_BUNDLE_IDENTIFIER = com.Ambas.TabBarSwiftUI;
				PRODUCT_NAME = "$(TARGET_NAME)";
				SWIFT_EMIT_LOC_STRINGS = YES;
				SWIFT_VERSION = 5.0;
				TARGETED_DEVICE_FAMILY = "1,2";
			};
			name = Debug;
		};
		43D0D8BB27A0DD1300F969A7 /* Release */ = {
			isa = XCBuildConfiguration;
			buildSettings = {
				ASSETCATALOG_COMPILER_APPICON_NAME = AppIcon;
				ASSETCATALOG_COMPILER_GLOBAL_ACCENT_COLOR_NAME = AccentColor;
				CODE_SIGN_STYLE = Automatic;
				CURRENT_PROJECT_VERSION = 1;
				DEVELOPMENT_ASSET_PATHS = "\"TabBarSwiftUI/Preview Content\"";
				DEVELOPMENT_TEAM = VKN5LNK84F;
				ENABLE_PREVIEWS = YES;
				GENERATE_INFOPLIST_FILE = YES;
				INFOPLIST_KEY_UIApplicationSceneManifest_Generation = YES;
				INFOPLIST_KEY_UIApplicationSupportsIndirectInputEvents = YES;
				INFOPLIST_KEY_UILaunchScreen_Generation = YES;
				INFOPLIST_KEY_UISupportedInterfaceOrientations_iPad = "UIInterfaceOrientationPortrait UIInterfaceOrientationPortraitUpsideDown UIInterfaceOrientationLandscapeLeft UIInterfaceOrientationLandscapeRight";
				INFOPLIST_KEY_UISupportedInterfaceOrientations_iPhone = "UIInterfaceOrientationPortrait UIInterfaceOrientationLandscapeLeft UIInterfaceOrientationLandscapeRight";
				LD_RUNPATH_SEARCH_PATHS = (
					"$(inherited)",
					"@executable_path/Frameworks",
				);
				MARKETING_VERSION = 1.0;
				PRODUCT_BUNDLE_IDENTIFIER = com.Ambas.TabBarSwiftUI;
				PRODUCT_NAME = "$(TARGET_NAME)";
				SWIFT_EMIT_LOC_STRINGS = YES;
				SWIFT_VERSION = 5.0;
				TARGETED_DEVICE_FAMILY = "1,2";
			};
			name = Release;
		};
		43D0D8BD27A0DD1300F969A7 /* Debug */ = {
			isa = XCBuildConfiguration;
			buildSettings = {
				ALWAYS_EMBED_SWIFT_STANDARD_LIBRARIES = YES;
				BUNDLE_LOADER = "$(TEST_HOST)";
				CODE_SIGN_STYLE = Automatic;
				CURRENT_PROJECT_VERSION = 1;
				DEVELOPMENT_TEAM = VKN5LNK84F;
				GENERATE_INFOPLIST_FILE = YES;
				IPHONEOS_DEPLOYMENT_TARGET = 15.2;
				MARKETING_VERSION = 1.0;
				PRODUCT_BUNDLE_IDENTIFIER = com.Ambas.TabBarSwiftUITests;
				PRODUCT_NAME = "$(TARGET_NAME)";
				SWIFT_EMIT_LOC_STRINGS = NO;
				SWIFT_VERSION = 5.0;
				TARGETED_DEVICE_FAMILY = "1,2";
				TEST_HOST = "$(BUILT_PRODUCTS_DIR)/TabBarSwiftUI.app/TabBarSwiftUI";
			};
			name = Debug;
		};
		43D0D8BE27A0DD1300F969A7 /* Release */ = {
			isa = XCBuildConfiguration;
			buildSettings = {
				ALWAYS_EMBED_SWIFT_STANDARD_LIBRARIES = YES;
				BUNDLE_LOADER = "$(TEST_HOST)";
				CODE_SIGN_STYLE = Automatic;
				CURRENT_PROJECT_VERSION = 1;
				DEVELOPMENT_TEAM = VKN5LNK84F;
				GENERATE_INFOPLIST_FILE = YES;
				IPHONEOS_DEPLOYMENT_TARGET = 15.2;
				MARKETING_VERSION = 1.0;
				PRODUCT_BUNDLE_IDENTIFIER = com.Ambas.TabBarSwiftUITests;
				PRODUCT_NAME = "$(TARGET_NAME)";
				SWIFT_EMIT_LOC_STRINGS = NO;
				SWIFT_VERSION = 5.0;
				TARGETED_DEVICE_FAMILY = "1,2";
				TEST_HOST = "$(BUILT_PRODUCTS_DIR)/TabBarSwiftUI.app/TabBarSwiftUI";
			};
			name = Release;
		};
		43D0D8C027A0DD1300F969A7 /* Debug */ = {
			isa = XCBuildConfiguration;
			buildSettings = {
				ALWAYS_EMBED_SWIFT_STANDARD_LIBRARIES = YES;
				CODE_SIGN_STYLE = Automatic;
				CURRENT_PROJECT_VERSION = 1;
				DEVELOPMENT_TEAM = VKN5LNK84F;
				GENERATE_INFOPLIST_FILE = YES;
				MARKETING_VERSION = 1.0;
				PRODUCT_BUNDLE_IDENTIFIER = com.Ambas.TabBarSwiftUIUITests;
				PRODUCT_NAME = "$(TARGET_NAME)";
				SWIFT_EMIT_LOC_STRINGS = NO;
				SWIFT_VERSION = 5.0;
				TARGETED_DEVICE_FAMILY = "1,2";
				TEST_TARGET_NAME = TabBarSwiftUI;
			};
			name = Debug;
		};
		43D0D8C127A0DD1300F969A7 /* Release */ = {
			isa = XCBuildConfiguration;
			buildSettings = {
				ALWAYS_EMBED_SWIFT_STANDARD_LIBRARIES = YES;
				CODE_SIGN_STYLE = Automatic;
				CURRENT_PROJECT_VERSION = 1;
				DEVELOPMENT_TEAM = VKN5LNK84F;
				GENERATE_INFOPLIST_FILE = YES;
				MARKETING_VERSION = 1.0;
				PRODUCT_BUNDLE_IDENTIFIER = com.Ambas.TabBarSwiftUIUITests;
				PRODUCT_NAME = "$(TARGET_NAME)";
				SWIFT_EMIT_LOC_STRINGS = NO;
				SWIFT_VERSION = 5.0;
				TARGETED_DEVICE_FAMILY = "1,2";
				TEST_TARGET_NAME = TabBarSwiftUI;
			};
			name = Release;
		};
/* End XCBuildConfiguration section */

/* Begin XCConfigurationList section */
		43D0D89027A0DD1200F969A7 /* Build configuration list for PBXProject "TabBarSwiftUI" */ = {
			isa = XCConfigurationList;
			buildConfigurations = (
				43D0D8B727A0DD1300F969A7 /* Debug */,
				43D0D8B827A0DD1300F969A7 /* Release */,
			);
			defaultConfigurationIsVisible = 0;
			defaultConfigurationName = Release;
		};
		43D0D8B927A0DD1300F969A7 /* Build configuration list for PBXNativeTarget "TabBarSwiftUI" */ = {
			isa = XCConfigurationList;
			buildConfigurations = (
				43D0D8BA27A0DD1300F969A7 /* Debug */,
				43D0D8BB27A0DD1300F969A7 /* Release */,
			);
			defaultConfigurationIsVisible = 0;
			defaultConfigurationName = Release;
		};
		43D0D8BC27A0DD1300F969A7 /* Build configuration list for PBXNativeTarget "TabBarSwiftUITests" */ = {
			isa = XCConfigurationList;
			buildConfigurations = (
				43D0D8BD27A0DD1300F969A7 /* Debug */,
				43D0D8BE27A0DD1300F969A7 /* Release */,
			);
			defaultConfigurationIsVisible = 0;
			defaultConfigurationName = Release;
		};
		43D0D8BF27A0DD1300F969A7 /* Build configuration list for PBXNativeTarget "TabBarSwiftUIUITests" */ = {
			isa = XCConfigurationList;
			buildConfigurations = (
				43D0D8C027A0DD1300F969A7 /* Debug */,
				43D0D8C127A0DD1300F969A7 /* Release */,
			);
			defaultConfigurationIsVisible = 0;
			defaultConfigurationName = Release;
		};
/* End XCConfigurationList section */
	};
	rootObject = 43D0D88D27A0DD1200F969A7 /* Project object */;
}
